Microsoft Visual Studio Solution File, Format Version 12.00
# Visual Studio 15
VisualStudioVersion = 15.0.27130.2026
MinimumVisualStudioVersion = 10.0.40219.1
Project("{FAE04EC0-301F-11D3-BF4B-00C04F79EFBC}") = "cpts_322_project", "cpts_322_project\cpts_322_project.csproj", "{1AE04607-EA42-423F-9F20-01B3F7C886EF}"
EndProject
Project("{FAE04EC0-301F-11D3-BF4B-00C04F79EFBC}") = "cpts_322_project.Gtk", "cpts_322_project.Gtk\cpts_322_project.Gtk.csproj", "{15EC9B66-249D-44EF-91B9-7ED857CBF491}"
EndProject
Project("{FAE04EC0-301F-11D3-BF4B-00C04F79EFBC}") = "cpts_322_project.Mac", "cpts_322_project.Mac\cpts_322_project.Mac.csproj", "{DFBA8728-9FF4-40BA-AA21-5FC398C4D5CD}"
EndProject
Project("{FAE04EC0-301F-11D3-BF4B-00C04F79EFBC}") = "cpts_322_project.Wpf", "cpts_322_project.Wpf\cpts_322_project.Wpf.csproj", "{8C823A8B-C71A-432C-92E0-783A4EAD5723}"
EndProject
Global
	GlobalSection(SolutionConfigurationPlatforms) = preSolution
		Debug|Any CPU = Debug|Any CPU
		Release|Any CPU = Release|Any CPU
	EndGlobalSection
	GlobalSection(ProjectConfigurationPlatforms) = postSolution
		{1AE04607-EA42-423F-9F20-01B3F7C886EF}.Debug|Any CPU.ActiveCfg = Debug|Any CPU
		{1AE04607-EA42-423F-9F20-01B3F7C886EF}.Debug|Any CPU.Build.0 = Debug|Any CPU
		{1AE04607-EA42-423F-9F20-01B3F7C886EF}.Release|Any CPU.ActiveCfg = Release|Any CPU
		{1AE04607-EA42-423F-9F20-01B3F7C886EF}.Release|Any CPU.Build.0 = Release|Any CPU
		{15EC9B66-249D-44EF-91B9-7ED857CBF491}.Debug|Any CPU.ActiveCfg = Debug|Any CPU
		{15EC9B66-249D-44EF-91B9-7ED857CBF491}.Debug|Any CPU.Build.0 = Debug|Any CPU
		{15EC9B66-249D-44EF-91B9-7ED857CBF491}.Release|Any CPU.ActiveCfg = Release|Any CPU
		{15EC9B66-249D-44EF-91B9-7ED857CBF491}.Release|Any CPU.Build.0 = Release|Any CPU
		{DFBA8728-9FF4-40BA-AA21-5FC398C4D5CD}.Debug|Any CPU.ActiveCfg = Debug|Any CPU
		{DFBA8728-9FF4-40BA-AA21-5FC398C4D5CD}.Debug|Any CPU.Build.0 = Debug|Any CPU
		{DFBA8728-9FF4-40BA-AA21-5FC398C4D5CD}.Release|Any CPU.ActiveCfg = Release|Any CPU
		{DFBA8728-9FF4-40BA-AA21-5FC398C4D5CD}.Release|Any CPU.Build.0 = Release|Any CPU
		{8C823A8B-C71A-432C-92E0-783A4EAD5723}.Debug|Any CPU.ActiveCfg = Debug|Any CPU
		{8C823A8B-C71A-432C-92E0-783A4EAD5723}.Debug|Any CPU.Build.0 = Debug|Any CPU
		{8C823A8B-C71A-432C-92E0-783A4EAD5723}.Release|Any CPU.ActiveCfg = Release|Any CPU
		{8C823A8B-C71A-432C-92E0-783A4EAD5723}.Release|Any CPU.Build.0 = Release|Any CPU
	EndGlobalSection
	GlobalSection(SolutionProperties) = preSolution
		HideSolutionNode = FALSE
	EndGlobalSection
	GlobalSection(ExtensibilityGlobals) = postSolution
		SolutionGuid = {47857121-F23B-4FD1-B3FD-23A0B03BB92D}
	EndGlobalSection
EndGlobal
